// !$*UTF8*$!
{
	archiveVersion = 1;
	classes = {
	};
	objectVersion = 46;
	objects = {

/* Begin PBXBuildFile section */
		4DCD1E931C654F63005BF6AC /* AppDelegate.swift in Sources */ = {isa = PBXBuildFile; fileRef = 4DCD1E921C654F63005BF6AC /* AppDelegate.swift */; };
		4DCD1E951C654F63005BF6AC /* ViewController.swift in Sources */ = {isa = PBXBuildFile; fileRef = 4DCD1E941C654F63005BF6AC /* ViewController.swift */; };
		4DCD1E981C654F63005BF6AC /* Main.storyboard in Resources */ = {isa = PBXBuildFile; fileRef = 4DCD1E961C654F63005BF6AC /* Main.storyboard */; };
		4DCD1E9A1C654F63005BF6AC /* Assets.xcassets in Resources */ = {isa = PBXBuildFile; fileRef = 4DCD1E991C654F63005BF6AC /* Assets.xcassets */; };
		4DCD1E9D1C654F63005BF6AC /* LaunchScreen.storyboard in Resources */ = {isa = PBXBuildFile; fileRef = 4DCD1E9B1C654F63005BF6AC /* LaunchScreen.storyboard */; };
/* End PBXBuildFile section */

/* Begin PBXFileReference section */
		4DCD1E8F1C654F63005BF6AC /* oopexercise.app */ = {isa = PBXFileReference; explicitFileType = wrapper.application; includeInIndex = 0; path = oopexercise.app; sourceTree = BUILT_PRODUCTS_DIR; };
		4DCD1E921C654F63005BF6AC /* AppDelegate.swift */ = {isa = PBXFileReference; lastKnownFileType = sourcecode.swift; path = AppDelegate.swift; sourceTree = "<group>"; };
		4DCD1E941C654F63005BF6AC /* ViewController.swift */ = {isa = PBXFileReference; lastKnownFileType = sourcecode.swift; path = ViewController.swift; sourceTree = "<group>"; };
		4DCD1E971C654F63005BF6AC /* Base */ = {isa = PBXFileReference; lastKnownFileType = file.storyboard; name = Base; path = Base.lproj/Main.storyboard; sourceTree = "<group>"; };
		4DCD1E991C654F63005BF6AC /* Assets.xcassets */ = {isa = PBXFileReference; lastKnownFileType = folder.assetcatalog; path = Assets.xcassets; sourceTree = "<group>"; };
		4DCD1E9C1C654F63005BF6AC /* Base */ = {isa = PBXFileReference; lastKnownFileType = file.storyboard; name = Base; path = Base.lproj/LaunchScreen.storyboard; sourceTree = "<group>"; };
		4DCD1E9E1C654F63005BF6AC /* Info.plist */ = {isa = PBXFileReference; lastKnownFileType = text.plist.xml; path = Info.plist; sourceTree = "<group>"; };
/* End PBXFileReference section */

/* Begin PBXFrameworksBuildPhase section */
		4DCD1E8C1C654F63005BF6AC /* Frameworks */ = {
			isa = PBXFrameworksBuildPhase;
			buildActionMask = 2147483647;
			files = (
			);
			runOnlyForDeploymentPostprocessing = 0;
		};
/* End PBXFrameworksBuildPhase section */

/* Begin PBXGroup section */
		4DCD1E861C654F62005BF6AC = {
			isa = PBXGroup;
			children = (
				4DCD1E911C654F63005BF6AC /* oopexercise */,
				4DCD1E901C654F63005BF6AC /* Products */,
			);
			sourceTree = "<group>";
		};
		4DCD1E901C654F63005BF6AC /* Products */ = {
			isa = PBXGroup;
			children = (
				4DCD1E8F1C654F63005BF6AC /* oopexercise.app */,
			);
			name = Products;
			sourceTree = "<group>";
		};
		4DCD1E911C654F63005BF6AC /* oopexercise */ = {
			isa = PBXGroup;
			children = (
				4DCD1E921C654F63005BF6AC /* AppDelegate.swift */,
				4DCD1E941C654F63005BF6AC /* ViewController.swift */,
				4DCD1E961C654F63005BF6AC /* Main.storyboard */,
				4DCD1E991C654F63005BF6AC /* Assets.xcassets */,
				4DCD1E9B1C654F63005BF6AC /* LaunchScreen.storyboard */,
				4DCD1E9E1C654F63005BF6AC /* Info.plist */,
			);
			path = oopexercise;
			sourceTree = "<group>";
		};
/* End PBXGroup section */

/* Begin PBXNativeTarget section */
		4DCD1E8E1C654F63005BF6AC /* oopexercise */ = {
			isa = PBXNativeTarget;
			buildConfigurationList = 4DCD1EA11C654F63005BF6AC /* Build configuration list for PBXNativeTarget "oopexercise" */;
			buildPhases = (
				4DCD1E8B1C654F63005BF6AC /* Sources */,
				4DCD1E8C1C654F63005BF6AC /* Frameworks */,
				4DCD1E8D1C654F63005BF6AC /* Resources */,
			);
			buildRules = (
			);
			dependencies = (
			);
			name = oopexercise;
			productName = oopexercise;
			productReference = 4DCD1E8F1C654F63005BF6AC /* oopexercise.app */;
			productType = "com.apple.product-type.application";
		};
/* End PBXNativeTarget section */

/* Begin PBXProject section */
		4DCD1E871C654F62005BF6AC /* Project object */ = {
			isa = PBXProject;
			attributes = {
				LastSwiftUpdateCheck = 0720;
				LastUpgradeCheck = 0720;
				ORGANIZATIONNAME = "Tim Knight";
				TargetAttributes = {
					4DCD1E8E1C654F63005BF6AC = {
						CreatedOnToolsVersion = 7.2;
					};
				};
			};
			buildConfigurationList = 4DCD1E8A1C654F62005BF6AC /* Build configuration list for PBXProject "oopexercise" */;
			compatibilityVersion = "Xcode 3.2";
			developmentRegion = English;
			hasScannedForEncodings = 0;
			knownRegions = (
				en,
				Base,
			);
			mainGroup = 4DCD1E861C654F62005BF6AC;
			productRefGroup = 4DCD1E901C654F63005BF6AC /* Products */;
			projectDirPath = "";
			projectRoot = "";
			targets = (
				4DCD1E8E1C654F63005BF6AC /* oopexercise */,
			);
		};
/* End PBXProject section */

/* Begin PBXResourcesBuildPhase section */
		4DCD1E8D1C654F63005BF6AC /* Resources */ = {
			isa = PBXResourcesBuildPhase;
			buildActionMask = 2147483647;
			files = (
				4DCD1E9D1C654F63005BF6AC /* LaunchScreen.storyboard in Resources */,
				4DCD1E9A1C654F63005BF6AC /* Assets.xcassets in Resources */,
				4DCD1E981C654F63005BF6AC /* Main.storyboard in Resources */,
			);
			runOnlyForDeploymentPostprocessing = 0;
		};
/* End PBXResourcesBuildPhase section */

/* Begin PBXSourcesBuildPhase section */
		4DCD1E8B1C654F63005BF6AC /* Sources */ = {
			isa = PBXSourcesBuildPhase;
			buildActionMask = 2147483647;
			files = (
				4DCD1E951C654F63005BF6AC /* ViewController.swift in Sources */,
				4DCD1E931C654F63005BF6AC /* AppDelegate.swift in Sources */,
			);
			runOnlyForDeploymentPostprocessing = 0;
		};
/* End PBXSourcesBuildPhase section */

/* Begin PBXVariantGroup section */
		4DCD1E961C654F63005BF6AC /* Main.storyboard */ = {
			isa = PBXVariantGroup;
			children = (
				4DCD1E971C654F63005BF6AC /* Base */,
			);
			name = Main.storyboard;
			sourceTree = "<group>";
		};
		4DCD1E9B1C654F63005BF6AC /* LaunchScreen.storyboard */ = {
			isa = PBXVariantGroup;
			children = (
				4DCD1E9C1C654F63005BF6AC /* Base */,
			);
			name = LaunchScreen.storyboard;
			sourceTree = "<group>";
		};
/* End PBXVariantGroup section */

/* Begin XCBuildConfiguration section */
		4DCD1E9F1C654F63005BF6AC /* Debug */ = {
			isa = XCBuildConfiguration;
			buildSettings = {
				ALWAYS_SEARCH_USER_PATHS = NO;
				CLANG_CXX_LANGUAGE_STANDARD = "gnu++0x";
				CLANG_CXX_LIBRARY = "libc++";
				CLANG_ENABLE_MODULES = YES;
				CLANG_ENABLE_OBJC_ARC = YES;
				CLANG_WARN_BOOL_CONVERSION = YES;
				CLANG_WARN_CONSTANT_CONVERSION = YES;
				CLANG_WARN_DIRECT_OBJC_ISA_USAGE = YES_ERROR;
				CLANG_WARN_EMPTY_BODY = YES;
				CLANG_WARN_ENUM_CONVERSION = YES;
				CLANG_WARN_INT_CONVERSION = YES;
				CLANG_WARN_OBJC_ROOT_CLASS = YES_ERROR;
				CLANG_WARN_UNREACHABLE_CODE = YES;
				CLANG_WARN__DUPLICATE_METHOD_MATCH = YES;
				"CODE_SIGN_IDENTITY[sdk=iphoneos*]" = "iPhone Developer";
				COPY_PHASE_STRIP = NO;
				DEBUG_INFORMATION_FORMAT = dwarf;
				ENABLE_STRICT_OBJC_MSGSEND = YES;
				ENABLE_TESTABILITY = YES;
				GCC_C_LANGUAGE_STANDARD = gnu99;
				GCC_DYNAMIC_NO_PIC = NO;
				GCC_NO_COMMON_BLOCKS = YES;
				GCC_OPTIMIZATION_LEVEL = 0;
				GCC_PREPROCESSOR_DEFINITIONS = (
					"DEBUG=1",
					"$(inherited)",
				);
				GCC_WARN_64_TO_32_BIT_CONVERSION = YES;
				GCC_WARN_ABOUT_RETURN_TYPE = YES_ERROR;
				GCC_WARN_UNDECLARED_SELECTOR = YES;
				GCC_WARN_UNINITIALIZED_AUTOS = YES_AGGRESSIVE;
				GCC_WARN_UNUSED_FUNCTION = YES;
				GCC_WARN_UNUSED_VARIABLE = YES;
				IPHONEOS_DEPLOYMENT_TARGET = 9.2;
				MTL_ENABLE_DEBUG_INFO = YES;
				ONLY_ACTIVE_ARCH = YES;
				SDKROOT = iphoneos;
				SWIFT_OPTIMIZATION_LEVEL = "-Onone";
				TARGETED_DEVICE_FAMILY = "1,2";
			};
			name = Debug;
		};
		4DCD1EA01C654F63005BF6AC /* Release */ = {
			isa = XCBuildConfiguration;
			buildSettings = {
				ALWAYS_SEARCH_USER_PATHS = NO;
				CLANG_CXX_LANGUAGE_STANDARD = "gnu++0x";
				CLANG_CXX_LIBRARY = "libc++";
				CLANG_ENABLE_MODULES = YES;
				CLANG_ENABLE_OBJC_ARC = YES;
				CLANG_WARN_BOOL_CONVERSION = YES;
				CLANG_WARN_CONSTANT_CONVERSION = YES;
				CLANG_WARN_DIRECT_OBJC_ISA_USAGE = YES_ERROR;
				CLANG_WARN_EMPTY_BODY = YES;
				CLANG_WARN_ENUM_CONVERSION = YES;
				CLANG_WARN_INT_CONVERSION = YES;
				CLANG_WARN_OBJC_ROOT_CLASS = YES_ERROR;
				CLANG_WARN_UNREACHABLE_CODE = YES;
				CLANG_WARN__DUPLICATE_METHOD_MATCH = YES;
				"CODE_SIGN_IDENTITY[sdk=iphoneos*]" = "iPhone Developer";
				COPY_PHASE_STRIP = NO;
				DEBUG_INFORMATION_FORMAT = "dwarf-with-dsym";
				ENABLE_NS_ASSERTIONS = NO;
				ENABLE_STRICT_OBJC_MSGSEND = YES;
				GCC_C_LANGUAGE_STANDARD = gnu99;
				GCC_NO_COMMON_BLOCKS = YES;
				GCC_WARN_64_TO_32_BIT_CONVERSION = YES;
				GCC_WARN_ABOUT_RETURN_TYPE = YES_ERROR;
				GCC_WARN_UNDECLARED_SELECTOR = YES;
				GCC_WARN_UNINITIALIZED_AUTOS = YES_AGGRESSIVE;
				GCC_WARN_UNUSED_FUNCTION = YES;
				GCC_WARN_UNUSED_VARIABLE = YES;
				IPHONEOS_DEPLOYMENT_TARGET = 9.2;
				MTL_ENABLE_DEBUG_INFO = NO;
				SDKROOT = iphoneos;
				TARGETED_DEVICE_FAMILY = "1,2";
				VALIDATE_PRODUCT = YES;
			};
			name = Release;
		};
		4DCD1EA21C654F63005BF6AC /* Debug */ = {
			isa = XCBuildConfiguration;
			buildSettings = {
				ASSETCATALOG_COMPILER_APPICON_NAME = AppIcon;
				INFOPLIST_FILE = oopexercise/Info.plist;
				LD_RUNPATH_SEARCH_PATHS = "$(inherited) @executable_path/Frameworks";
				PRODUCT_BUNDLE_IDENTIFIER = com.timknight.oopexercise;
				PRODUCT_NAME = "$(TARGET_NAME)";
			};
			name = Debug;
		};
		4DCD1EA31C654F63005BF6AC /* Release */ = {
			isa = XCBuildConfiguration;
			buildSettings = {
				ASSETCATALOG_COMPILER_APPICON_NAME = AppIcon;
				INFOPLIST_FILE = oopexercise/Info.plist;
				LD_RUNPATH_SEARCH_PATHS = "$(inherited) @executable_path/Frameworks";
				PRODUCT_BUNDLE_IDENTIFIER = com.timknight.oopexercise;
				PRODUCT_NAME = "$(TARGET_NAME)";
			};
			name = Release;
		};
/* End XCBuildConfiguration section */

/* Begin XCConfigurationList section */
		4DCD1E8A1C654F62005BF6AC /* Build configuration list for PBXProject "oopexercise" */ = {
			isa = XCConfigurationList;
			buildConfigurations = (
				4DCD1E9F1C654F63005BF6AC /* Debug */,
				4DCD1EA01C654F63005BF6AC /* Release */,
			);
			defaultConfigurationIsVisible = 0;
			defaultConfigurationName = Release;
		};
		4DCD1EA11C654F63005BF6AC /* Build configuration list for PBXNativeTarget "oopexercise" */ = {
			isa = XCConfigurationList;
			buildConfigurations = (
				4DCD1EA21C654F63005BF6AC /* Debug */,
				4DCD1EA31C654F63005BF6AC /* Release */,
			);
			defaultConfigurationIsVisible = 0;
		};
/* End XCConfigurationList section */
	};
	rootObject = 4DCD1E871C654F62005BF6AC /* Project object */;
}
